
Microsoft Visual Studio Solution File, Format Version 12.00
# Visual Studio Version 16
VisualStudioVersion = 16.0.31911.196
MinimumVisualStudioVersion = 10.0.40219.1
Project("{888888A0-9F3D-457C-B088-3A5042F75D52}") = "Plotio", "Plotio.pyproj", "{8E3698D0-CD34-464B-942C-F830D18AADE0}"
EndProject
Global
	GlobalSection(SolutionConfigurationPlatforms) = preSolution
		Debug|Any CPU = Debug|Any CPU
		Release|Any CPU = Release|Any CPU
	EndGlobalSection
	GlobalSection(ProjectConfigurationPlatforms) = postSolution
		{8E3698D0-CD34-464B-942C-F830D18AADE0}.Debug|Any CPU.ActiveCfg = Debug|Any CPU
		{8E3698D0-CD34-464B-942C-F830D18AADE0}.Release|Any CPU.ActiveCfg = Release|Any CPU
	EndGlobalSection
	GlobalSection(SolutionProperties) = preSolution
		HideSolutionNode = FALSE
	EndGlobalSection
	GlobalSection(ExtensibilityGlobals) = postSolution
		SolutionGuid = {766EF3A7-8AEF-41F1-A629-B1E35FBE063E}
	EndGlobalSection
EndGlobal
